
Microsoft Visual Studio Solution File, Format Version 12.00
# Visual Studio Version 17
VisualStudioVersion = 17.1.32421.90
MinimumVisualStudioVersion = 10.0.40219.1
Project("{FAE04EC0-301F-11D3-BF4B-00C04F79EFBC}") = "SolidTest", "SolidTest\SolidTest.csproj", "{EC293A7A-6C8F-4468-BCDF-EE1396D22F91}"
EndProject
Global
	GlobalSection(SolutionConfigurationPlatforms) = preSolution
		Debug|Any CPU = Debug|Any CPU
		Release|Any CPU = Release|Any CPU
	EndGlobalSection
	GlobalSection(ProjectConfigurationPlatforms) = postSolution
		{EC293A7A-6C8F-4468-BCDF-EE1396D22F91}.Debug|Any CPU.ActiveCfg = Debug|Any CPU
		{EC293A7A-6C8F-4468-BCDF-EE1396D22F91}.Debug|Any CPU.Build.0 = Debug|Any CPU
		{EC293A7A-6C8F-4468-BCDF-EE1396D22F91}.Release|Any CPU.ActiveCfg = Release|Any CPU
		{EC293A7A-6C8F-4468-BCDF-EE1396D22F91}.Release|Any CPU.Build.0 = Release|Any CPU
	EndGlobalSection
	GlobalSection(SolutionProperties) = preSolution
		HideSolutionNode = FALSE
	EndGlobalSection
	GlobalSection(ExtensibilityGlobals) = postSolution
		SolutionGuid = {66392095-3E9C-4E80-B035-81044DFCFED2}
	EndGlobalSection
EndGlobal
